
Microsoft Visual Studio Solution File, Format Version 12.00
# Visual Studio Version 17
VisualStudioVersion = 17.3.32929.385
MinimumVisualStudioVersion = 10.0.40219.1
Project("{FAE04EC0-301F-11D3-BF4B-00C04F79EFBC}") = "ATM_Model", "ATM_Model\ATM_Model.csproj", "{E4627AAF-87FE-425F-B950-F4427CB09153}"
EndProject
Global
	GlobalSection(SolutionConfigurationPlatforms) = preSolution
		Debug|Any CPU = Debug|Any CPU
		Release|Any CPU = Release|Any CPU
	EndGlobalSection
	GlobalSection(ProjectConfigurationPlatforms) = postSolution
		{E4627AAF-87FE-425F-B950-F4427CB09153}.Debug|Any CPU.ActiveCfg = Debug|Any CPU
		{E4627AAF-87FE-425F-B950-F4427CB09153}.Debug|Any CPU.Build.0 = Debug|Any CPU
		{E4627AAF-87FE-425F-B950-F4427CB09153}.Release|Any CPU.ActiveCfg = Release|Any CPU
		{E4627AAF-87FE-425F-B950-F4427CB09153}.Release|Any CPU.Build.0 = Release|Any CPU
	EndGlobalSection
	GlobalSection(SolutionProperties) = preSolution
		HideSolutionNode = FALSE
	EndGlobalSection
	GlobalSection(ExtensibilityGlobals) = postSolution
		SolutionGuid = {AF53BA85-51EA-4565-810C-A16E632B73F4}
	EndGlobalSection
EndGlobal
